
Microsoft Visual Studio Solution File, Format Version 12.00
# Visual Studio Version 16
VisualStudioVersion = 16.0.31025.194
MinimumVisualStudioVersion = 10.0.40219.1
Project("{FAE04EC0-301F-11D3-BF4B-00C04F79EFBC}") = "SourcetrailDotnetIndexerExtension", "SourcetrailDotnetIndexerExtension.csproj", "{47E4B9DD-2086-4273-BB31-FCB7E082980F}"
EndProject
Global
	GlobalSection(SolutionConfigurationPlatforms) = preSolution
		Debug|Any CPU = Debug|Any CPU
		Release|Any CPU = Release|Any CPU
	EndGlobalSection
	GlobalSection(ProjectConfigurationPlatforms) = postSolution
		{47E4B9DD-2086-4273-BB31-FCB7E082980F}.Debug|Any CPU.ActiveCfg = Debug|Any CPU
		{47E4B9DD-2086-4273-BB31-FCB7E082980F}.Debug|Any CPU.Build.0 = Debug|Any CPU
		{47E4B9DD-2086-4273-BB31-FCB7E082980F}.Release|Any CPU.ActiveCfg = Release|Any CPU
		{47E4B9DD-2086-4273-BB31-FCB7E082980F}.Release|Any CPU.Build.0 = Release|Any CPU
	EndGlobalSection
	GlobalSection(SolutionProperties) = preSolution
		HideSolutionNode = FALSE
	EndGlobalSection
	GlobalSection(ExtensibilityGlobals) = postSolution
		SolutionGuid = {467B4F37-DFAF-43A8-81F9-83D36A6B40B8}
	EndGlobalSection
EndGlobal
